// !$*UTF8*$!
{
	archiveVersion = 1;
	classes = {
	};
	objectVersion = 55;
	objects = {

/* Begin PBXBuildFile section */
		DA614FD62968142900EDC000 /* AppDelegate.swift in Sources */ = {isa = PBXBuildFile; fileRef = DA614FD52968142900EDC000 /* AppDelegate.swift */; };
		DA614FD82968142900EDC000 /* SceneDelegate.swift in Sources */ = {isa = PBXBuildFile; fileRef = DA614FD72968142900EDC000 /* SceneDelegate.swift */; };
		DA614FDA2968142900EDC000 /* ViewController.swift in Sources */ = {isa = PBXBuildFile; fileRef = DA614FD92968142900EDC000 /* ViewController.swift */; };
		DA614FDD2968142900EDC000 /* Main.storyboard in Resources */ = {isa = PBXBuildFile; fileRef = DA614FDB2968142900EDC000 /* Main.storyboard */; };
		DA614FDF2968142A00EDC000 /* Assets.xcassets in Resources */ = {isa = PBXBuildFile; fileRef = DA614FDE2968142A00EDC000 /* Assets.xcassets */; };
		DA614FE22968142A00EDC000 /* LaunchScreen.storyboard in Resources */ = {isa = PBXBuildFile; fileRef = DA614FE02968142A00EDC000 /* LaunchScreen.storyboard */; };
		DA614FF129681F6200EDC000 /* PlayerViewController.swift in Sources */ = {isa = PBXBuildFile; fileRef = DA614FF029681F6200EDC000 /* PlayerViewController.swift */; };
		DA9EEE73296BCE6C00687F44 /* Bai3.mp3 in Resources */ = {isa = PBXBuildFile; fileRef = DA9EEE72296BCE6C00687F44 /* Bai3.mp3 */; };
		DA9EEE75296BCE7100687F44 /* Bai4.mp3 in Resources */ = {isa = PBXBuildFile; fileRef = DA9EEE74296BCE7100687F44 /* Bai4.mp3 */; };
		DA9EEE79296BCE8300687F44 /* Bai2.mp3 in Resources */ = {isa = PBXBuildFile; fileRef = DA9EEE78296BCE8300687F44 /* Bai2.mp3 */; };
		DAB37678296E5E600045FE7E /* ListViewController.swift in Sources */ = {isa = PBXBuildFile; fileRef = DAB37677296E5E600045FE7E /* ListViewController.swift */; };
		DAB3767A296E68D50045FE7E /* PlaylistViewController.swift in Sources */ = {isa = PBXBuildFile; fileRef = DAB37679296E68D50045FE7E /* PlaylistViewController.swift */; };
/* End PBXBuildFile section */

/* Begin PBXFileReference section */
		DA614FD22968142900EDC000 /* Nhaccuathai.app */ = {isa = PBXFileReference; explicitFileType = wrapper.application; includeInIndex = 0; path = Nhaccuathai.app; sourceTree = BUILT_PRODUCTS_DIR; };
		DA614FD52968142900EDC000 /* AppDelegate.swift */ = {isa = PBXFileReference; lastKnownFileType = sourcecode.swift; path = AppDelegate.swift; sourceTree = "<group>"; };
		DA614FD72968142900EDC000 /* SceneDelegate.swift */ = {isa = PBXFileReference; lastKnownFileType = sourcecode.swift; path = SceneDelegate.swift; sourceTree = "<group>"; };
		DA614FD92968142900EDC000 /* ViewController.swift */ = {isa = PBXFileReference; lastKnownFileType = sourcecode.swift; path = ViewController.swift; sourceTree = "<group>"; };
		DA614FDC2968142900EDC000 /* Base */ = {isa = PBXFileReference; lastKnownFileType = file.storyboard; name = Base; path = Base.lproj/Main.storyboard; sourceTree = "<group>"; };
		DA614FDE2968142A00EDC000 /* Assets.xcassets */ = {isa = PBXFileReference; lastKnownFileType = folder.assetcatalog; path = Assets.xcassets; sourceTree = "<group>"; };
		DA614FE12968142A00EDC000 /* Base */ = {isa = PBXFileReference; lastKnownFileType = file.storyboard; name = Base; path = Base.lproj/LaunchScreen.storyboard; sourceTree = "<group>"; };
		DA614FE32968142A00EDC000 /* Info.plist */ = {isa = PBXFileReference; lastKnownFileType = text.plist.xml; path = Info.plist; sourceTree = "<group>"; };
		DA614FF029681F6200EDC000 /* PlayerViewController.swift */ = {isa = PBXFileReference; lastKnownFileType = sourcecode.swift; path = PlayerViewController.swift; sourceTree = "<group>"; };
		DA9EEE72296BCE6C00687F44 /* Bai3.mp3 */ = {isa = PBXFileReference; lastKnownFileType = audio.mp3; path = Bai3.mp3; sourceTree = "<group>"; };
		DA9EEE74296BCE7100687F44 /* Bai4.mp3 */ = {isa = PBXFileReference; lastKnownFileType = audio.mp3; path = Bai4.mp3; sourceTree = "<group>"; };
		DA9EEE78296BCE8300687F44 /* Bai2.mp3 */ = {isa = PBXFileReference; lastKnownFileType = audio.mp3; path = Bai2.mp3; sourceTree = "<group>"; };
		DAB37677296E5E600045FE7E /* ListViewController.swift */ = {isa = PBXFileReference; lastKnownFileType = sourcecode.swift; path = ListViewController.swift; sourceTree = "<group>"; };
		DAB37679296E68D50045FE7E /* PlaylistViewController.swift */ = {isa = PBXFileReference; lastKnownFileType = sourcecode.swift; path = PlaylistViewController.swift; sourceTree = "<group>"; };
/* End PBXFileReference section */

/* Begin PBXFrameworksBuildPhase section */
		DA614FCF2968142900EDC000 /* Frameworks */ = {
			isa = PBXFrameworksBuildPhase;
			buildActionMask = 2147483647;
			files = (
			);
			runOnlyForDeploymentPostprocessing = 0;
		};
/* End PBXFrameworksBuildPhase section */

/* Begin PBXGroup section */
		DA614FC92968142900EDC000 = {
			isa = PBXGroup;
			children = (
				DA614FD42968142900EDC000 /* Nhaccuathai */,
				DA614FD32968142900EDC000 /* Products */,
			);
			sourceTree = "<group>";
		};
		DA614FD32968142900EDC000 /* Products */ = {
			isa = PBXGroup;
			children = (
				DA614FD22968142900EDC000 /* Nhaccuathai.app */,
			);
			name = Products;
			sourceTree = "<group>";
		};
		DA614FD42968142900EDC000 /* Nhaccuathai */ = {
			isa = PBXGroup;
			children = (
				DA614FD52968142900EDC000 /* AppDelegate.swift */,
				DA614FD72968142900EDC000 /* SceneDelegate.swift */,
				DA614FD92968142900EDC000 /* ViewController.swift */,
				DA614FDB2968142900EDC000 /* Main.storyboard */,
				DAB37679296E68D50045FE7E /* PlaylistViewController.swift */,
				DAB37677296E5E600045FE7E /* ListViewController.swift */,
				DA614FDE2968142A00EDC000 /* Assets.xcassets */,
				DA614FE02968142A00EDC000 /* LaunchScreen.storyboard */,
				DA614FE32968142A00EDC000 /* Info.plist */,
				DA614FF029681F6200EDC000 /* PlayerViewController.swift */,
				DA9EEE72296BCE6C00687F44 /* Bai3.mp3 */,
				DA9EEE74296BCE7100687F44 /* Bai4.mp3 */,
				DA9EEE78296BCE8300687F44 /* Bai2.mp3 */,
			);
			path = Nhaccuathai;
			sourceTree = "<group>";
		};
/* End PBXGroup section */

/* Begin PBXNativeTarget section */
		DA614FD12968142900EDC000 /* Nhaccuathai */ = {
			isa = PBXNativeTarget;
			buildConfigurationList = DA614FE62968142A00EDC000 /* Build configuration list for PBXNativeTarget "Nhaccuathai" */;
			buildPhases = (
				DA614FCE2968142900EDC000 /* Sources */,
				DA614FCF2968142900EDC000 /* Frameworks */,
				DA614FD02968142900EDC000 /* Resources */,
			);
			buildRules = (
			);
			dependencies = (
			);
			name = Nhaccuathai;
			productName = Nhaccuathai;
			productReference = DA614FD22968142900EDC000 /* Nhaccuathai.app */;
			productType = "com.apple.product-type.application";
		};
/* End PBXNativeTarget section */

/* Begin PBXProject section */
		DA614FCA2968142900EDC000 /* Project object */ = {
			isa = PBXProject;
			attributes = {
				BuildIndependentTargetsInParallel = 1;
				LastSwiftUpdateCheck = 1340;
				LastUpgradeCheck = 1340;
				TargetAttributes = {
					DA614FD12968142900EDC000 = {
						CreatedOnToolsVersion = 13.4.1;
					};
				};
			};
			buildConfigurationList = DA614FCD2968142900EDC000 /* Build configuration list for PBXProject "Nhaccuathai" */;
			compatibilityVersion = "Xcode 13.0";
			developmentRegion = en;
			hasScannedForEncodings = 0;
			knownRegions = (
				en,
				Base,
			);
			mainGroup = DA614FC92968142900EDC000;
			productRefGroup = DA614FD32968142900EDC000 /* Products */;
			projectDirPath = "";
			projectRoot = "";
			targets = (
				DA614FD12968142900EDC000 /* Nhaccuathai */,
			);
		};
/* End PBXProject section */

/* Begin PBXResourcesBuildPhase section */
		DA614FD02968142900EDC000 /* Resources */ = {
			isa = PBXResourcesBuildPhase;
			buildActionMask = 2147483647;
			files = (
				DA9EEE79296BCE8300687F44 /* Bai2.mp3 in Resources */,
				DA614FE22968142A00EDC000 /* LaunchScreen.storyboard in Resources */,
				DA9EEE73296BCE6C00687F44 /* Bai3.mp3 in Resources */,
				DA9EEE75296BCE7100687F44 /* Bai4.mp3 in Resources */,
				DA614FDF2968142A00EDC000 /* Assets.xcassets in Resources */,
				DA614FDD2968142900EDC000 /* Main.storyboard in Resources */,
			);
			runOnlyForDeploymentPostprocessing = 0;
		};
/* End PBXResourcesBuildPhase section */

/* Begin PBXSourcesBuildPhase section */
		DA614FCE2968142900EDC000 /* Sources */ = {
			isa = PBXSourcesBuildPhase;
			buildActionMask = 2147483647;
			files = (
				DA614FDA2968142900EDC000 /* ViewController.swift in Sources */,
				DA614FF129681F6200EDC000 /* PlayerViewController.swift in Sources */,
				DAB3767A296E68D50045FE7E /* PlaylistViewController.swift in Sources */,
				DA614FD62968142900EDC000 /* AppDelegate.swift in Sources */,
				DAB37678296E5E600045FE7E /* ListViewController.swift in Sources */,
				DA614FD82968142900EDC000 /* SceneDelegate.swift in Sources */,
			);
			runOnlyForDeploymentPostprocessing = 0;
		};
/* End PBXSourcesBuildPhase section */

/* Begin PBXVariantGroup section */
		DA614FDB2968142900EDC000 /* Main.storyboard */ = {
			isa = PBXVariantGroup;
			children = (
				DA614FDC2968142900EDC000 /* Base */,
			);
			name = Main.storyboard;
			sourceTree = "<group>";
		};
		DA614FE02968142A00EDC000 /* LaunchScreen.storyboard */ = {
			isa = PBXVariantGroup;
			children = (
				DA614FE12968142A00EDC000 /* Base */,
			);
			name = LaunchScreen.storyboard;
			sourceTree = "<group>";
		};
/* End PBXVariantGroup section */

/* Begin XCBuildConfiguration section */
		DA614FE42968142A00EDC000 /* Debug */ = {
			isa = XCBuildConfiguration;
			buildSettings = {
				ALWAYS_SEARCH_USER_PATHS = NO;
				CLANG_ANALYZER_NONNULL = YES;
				CLANG_ANALYZER_NUMBER_OBJECT_CONVERSION = YES_AGGRESSIVE;
				CLANG_CXX_LANGUAGE_STANDARD = "gnu++17";
				CLANG_ENABLE_MODULES = YES;
				CLANG_ENABLE_OBJC_ARC = YES;
				CLANG_ENABLE_OBJC_WEAK = YES;
				CLANG_WARN_BLOCK_CAPTURE_AUTORELEASING = YES;
				CLANG_WARN_BOOL_CONVERSION = YES;
				CLANG_WARN_COMMA = YES;
				CLANG_WARN_CONSTANT_CONVERSION = YES;
				CLANG_WARN_DEPRECATED_OBJC_IMPLEMENTATIONS = YES;
				CLANG_WARN_DIRECT_OBJC_ISA_USAGE = YES_ERROR;
				CLANG_WARN_DOCUMENTATION_COMMENTS = YES;
				CLANG_WARN_EMPTY_BODY = YES;
				CLANG_WARN_ENUM_CONVERSION = YES;
				CLANG_WARN_INFINITE_RECURSION = YES;
				CLANG_WARN_INT_CONVERSION = YES;
				CLANG_WARN_NON_LITERAL_NULL_CONVERSION = YES;
				CLANG_WARN_OBJC_IMPLICIT_RETAIN_SELF = YES;
				CLANG_WARN_OBJC_LITERAL_CONVERSION = YES;
				CLANG_WARN_OBJC_ROOT_CLASS = YES_ERROR;
				CLANG_WARN_QUOTED_INCLUDE_IN_FRAMEWORK_HEADER = YES;
				CLANG_WARN_RANGE_LOOP_ANALYSIS = YES;
				CLANG_WARN_STRICT_PROTOTYPES = YES;
				CLANG_WARN_SUSPICIOUS_MOVE = YES;
				CLANG_WARN_UNGUARDED_AVAILABILITY = YES_AGGRESSIVE;
				CLANG_WARN_UNREACHABLE_CODE = YES;
				CLANG_WARN__DUPLICATE_METHOD_MATCH = YES;
				COPY_PHASE_STRIP = NO;
				DEBUG_INFORMATION_FORMAT = dwarf;
				ENABLE_STRICT_OBJC_MSGSEND = YES;
				ENABLE_TESTABILITY = YES;
				GCC_C_LANGUAGE_STANDARD = gnu11;
				GCC_DYNAMIC_NO_PIC = NO;
				GCC_NO_COMMON_BLOCKS = YES;
				GCC_OPTIMIZATION_LEVEL = 0;
				GCC_PREPROCESSOR_DEFINITIONS = (
					"DEBUG=1",
					"$(inherited)",
				);
				GCC_WARN_64_TO_32_BIT_CONVERSION = YES;
				GCC_WARN_ABOUT_RETURN_TYPE = YES_ERROR;
				GCC_WARN_UNDECLARED_SELECTOR = YES;
				GCC_WARN_UNINITIALIZED_AUTOS = YES_AGGRESSIVE;
				GCC_WARN_UNUSED_FUNCTION = YES;
				GCC_WARN_UNUSED_VARIABLE = YES;
				IPHONEOS_DEPLOYMENT_TARGET = 14.0;
				MTL_ENABLE_DEBUG_INFO = INCLUDE_SOURCE;
				MTL_FAST_MATH = YES;
				ONLY_ACTIVE_ARCH = YES;
				SDKROOT = iphoneos;
				SWIFT_ACTIVE_COMPILATION_CONDITIONS = DEBUG;
				SWIFT_OPTIMIZATION_LEVEL = "-Onone";
			};
			name = Debug;
		};
		DA614FE52968142A00EDC000 /* Release */ = {
			isa = XCBuildConfiguration;
			buildSettings = {
				ALWAYS_SEARCH_USER_PATHS = NO;
				CLANG_ANALYZER_NONNULL = YES;
				CLANG_ANALYZER_NUMBER_OBJECT_CONVERSION = YES_AGGRESSIVE;
				CLANG_CXX_LANGUAGE_STANDARD = "gnu++17";
				CLANG_ENABLE_MODULES = YES;
				CLANG_ENABLE_OBJC_ARC = YES;
				CLANG_ENABLE_OBJC_WEAK = YES;
				CLANG_WARN_BLOCK_CAPTURE_AUTORELEASING = YES;
				CLANG_WARN_BOOL_CONVERSION = YES;
				CLANG_WARN_COMMA = YES;
				CLANG_WARN_CONSTANT_CONVERSION = YES;
				CLANG_WARN_DEPRECATED_OBJC_IMPLEMENTATIONS = YES;
				CLANG_WARN_DIRECT_OBJC_ISA_USAGE = YES_ERROR;
				CLANG_WARN_DOCUMENTATION_COMMENTS = YES;
				CLANG_WARN_EMPTY_BODY = YES;
				CLANG_WARN_ENUM_CONVERSION = YES;
				CLANG_WARN_INFINITE_RECURSION = YES;
				CLANG_WARN_INT_CONVERSION = YES;
				CLANG_WARN_NON_LITERAL_NULL_CONVERSION = YES;
				CLANG_WARN_OBJC_IMPLICIT_RETAIN_SELF = YES;
				CLANG_WARN_OBJC_LITERAL_CONVERSION = YES;
				CLANG_WARN_OBJC_ROOT_CLASS = YES_ERROR;
				CLANG_WARN_QUOTED_INCLUDE_IN_FRAMEWORK_HEADER = YES;
				CLANG_WARN_RANGE_LOOP_ANALYSIS = YES;
				CLANG_WARN_STRICT_PROTOTYPES = YES;
				CLANG_WARN_SUSPICIOUS_MOVE = YES;
				CLANG_WARN_UNGUARDED_AVAILABILITY = YES_AGGRESSIVE;
				CLANG_WARN_UNREACHABLE_CODE = YES;
				CLANG_WARN__DUPLICATE_METHOD_MATCH = YES;
				COPY_PHASE_STRIP = NO;
				DEBUG_INFORMATION_FORMAT = "dwarf-with-dsym";
				ENABLE_NS_ASSERTIONS = NO;
				ENABLE_STRICT_OBJC_MSGSEND = YES;
				GCC_C_LANGUAGE_STANDARD = gnu11;
				GCC_NO_COMMON_BLOCKS = YES;
				GCC_WARN_64_TO_32_BIT_CONVERSION = YES;
				GCC_WARN_ABOUT_RETURN_TYPE = YES_ERROR;
				GCC_WARN_UNDECLARED_SELECTOR = YES;
				GCC_WARN_UNINITIALIZED_AUTOS = YES_AGGRESSIVE;
				GCC_WARN_UNUSED_FUNCTION = YES;
				GCC_WARN_UNUSED_VARIABLE = YES;
				IPHONEOS_DEPLOYMENT_TARGET = 14.0;
				MTL_ENABLE_DEBUG_INFO = NO;
				MTL_FAST_MATH = YES;
				SDKROOT = iphoneos;
				SWIFT_COMPILATION_MODE = wholemodule;
				SWIFT_OPTIMIZATION_LEVEL = "-O";
				VALIDATE_PRODUCT = YES;
			};
			name = Release;
		};
		DA614FE72968142A00EDC000 /* Debug */ = {
			isa = XCBuildConfiguration;
			buildSettings = {
				ASSETCATALOG_COMPILER_APPICON_NAME = AppIcon;
				ASSETCATALOG_COMPILER_GLOBAL_ACCENT_COLOR_NAME = AccentColor;
				CODE_SIGN_STYLE = Automatic;
				CURRENT_PROJECT_VERSION = 1;
				DEVELOPMENT_TEAM = W68WJANCJ6;
				GENERATE_INFOPLIST_FILE = YES;
				INFOPLIST_FILE = Nhaccuathai/Info.plist;
				INFOPLIST_KEY_UIApplicationSupportsIndirectInputEvents = YES;
				INFOPLIST_KEY_UILaunchStoryboardName = LaunchScreen;
				INFOPLIST_KEY_UIMainStoryboardFile = Main;
				INFOPLIST_KEY_UISupportedInterfaceOrientations_iPad = "UIInterfaceOrientationPortrait UIInterfaceOrientationPortraitUpsideDown UIInterfaceOrientationLandscapeLeft UIInterfaceOrientationLandscapeRight";
				INFOPLIST_KEY_UISupportedInterfaceOrientations_iPhone = "UIInterfaceOrientationPortrait UIInterfaceOrientationLandscapeLeft UIInterfaceOrientationLandscapeRight";
				IPHONEOS_DEPLOYMENT_TARGET = 14.0;
				LD_RUNPATH_SEARCH_PATHS = (
					"$(inherited)",
					"@executable_path/Frameworks",
				);
				MARKETING_VERSION = 1.0;
				PRODUCT_BUNDLE_IDENTIFIER = ndtt.Nhaccuathai;
				PRODUCT_NAME = "$(TARGET_NAME)";
				SWIFT_EMIT_LOC_STRINGS = YES;
				SWIFT_VERSION = 5.0;
				TARGETED_DEVICE_FAMILY = "1,2";
			};
			name = Debug;
		};
		DA614FE82968142A00EDC000 /* Release */ = {
			isa = XCBuildConfiguration;
			buildSettings = {
				ASSETCATALOG_COMPILER_APPICON_NAME = AppIcon;
				ASSETCATALOG_COMPILER_GLOBAL_ACCENT_COLOR_NAME = AccentColor;
				CODE_SIGN_STYLE = Automatic;
				CURRENT_PROJECT_VERSION = 1;
				DEVELOPMENT_TEAM = W68WJANCJ6;
				GENERATE_INFOPLIST_FILE = YES;
				INFOPLIST_FILE = Nhaccuathai/Info.plist;
				INFOPLIST_KEY_UIApplicationSupportsIndirectInputEvents = YES;
				INFOPLIST_KEY_UILaunchStoryboardName = LaunchScreen;
				INFOPLIST_KEY_UIMainStoryboardFile = Main;
				INFOPLIST_KEY_UISupportedInterfaceOrientations_iPad = "UIInterfaceOrientationPortrait UIInterfaceOrientationPortraitUpsideDown UIInterfaceOrientationLandscapeLeft UIInterfaceOrientationLandscapeRight";
				INFOPLIST_KEY_UISupportedInterfaceOrientations_iPhone = "UIInterfaceOrientationPortrait UIInterfaceOrientationLandscapeLeft UIInterfaceOrientationLandscapeRight";
				IPHONEOS_DEPLOYMENT_TARGET = 14.0;
				LD_RUNPATH_SEARCH_PATHS = (
					"$(inherited)",
					"@executable_path/Frameworks",
				);
				MARKETING_VERSION = 1.0;
				PRODUCT_BUNDLE_IDENTIFIER = ndtt.Nhaccuathai;
				PRODUCT_NAME = "$(TARGET_NAME)";
				SWIFT_EMIT_LOC_STRINGS = YES;
				SWIFT_VERSION = 5.0;
				TARGETED_DEVICE_FAMILY = "1,2";
			};
			name = Release;
		};
/* End XCBuildConfiguration section */

/* Begin XCConfigurationList section */
		DA614FCD2968142900EDC000 /* Build configuration list for PBXProject "Nhaccuathai" */ = {
			isa = XCConfigurationList;
			buildConfigurations = (
				DA614FE42968142A00EDC000 /* Debug */,
				DA614FE52968142A00EDC000 /* Release */,
			);
			defaultConfigurationIsVisible = 0;
			defaultConfigurationName = Release;
		};
		DA614FE62968142A00EDC000 /* Build configuration list for PBXNativeTarget "Nhaccuathai" */ = {
			isa = XCConfigurationList;
			buildConfigurations = (
				DA614FE72968142A00EDC000 /* Debug */,
				DA614FE82968142A00EDC000 /* Release */,
			);
			defaultConfigurationIsVisible = 0;
			defaultConfigurationName = Release;
		};
/* End XCConfigurationList section */
	};
	rootObject = DA614FCA2968142900EDC000 /* Project object */;
}
